
Microsoft Visual Studio Solution File, Format Version 12.00
# Visual Studio Version 17
VisualStudioVersion = 17.12.35527.113
MinimumVisualStudioVersion = 10.0.40219.1
Project("{FAE04EC0-301F-11D3-BF4B-00C04F79EFBC}") = "ChatServer_Test", "ChatServer_Test\ChatServer_Test.csproj", "{87512735-DCBA-4B20-8116-5F42187716A5}"
EndProject
Project("{FAE04EC0-301F-11D3-BF4B-00C04F79EFBC}") = "MauiApp1", "MauiApp1\MauiApp1.csproj", "{158A5D15-8E98-48A7-BABD-2F53D704F312}"
EndProject
Project("{FAE04EC0-301F-11D3-BF4B-00C04F79EFBC}") = "ChatClient_Test", "ChatClient_Test\ChatClient_Test.csproj", "{86D450BE-2FB7-47FE-8E69-2336E81F600B}"
EndProject
Global
	GlobalSection(SolutionConfigurationPlatforms) = preSolution
		Debug|Any CPU = Debug|Any CPU
		Release|Any CPU = Release|Any CPU
	EndGlobalSection
	GlobalSection(ProjectConfigurationPlatforms) = postSolution
		{87512735-DCBA-4B20-8116-5F42187716A5}.Debug|Any CPU.ActiveCfg = Debug|Any CPU
		{87512735-DCBA-4B20-8116-5F42187716A5}.Debug|Any CPU.Build.0 = Debug|Any CPU
		{87512735-DCBA-4B20-8116-5F42187716A5}.Release|Any CPU.ActiveCfg = Release|Any CPU
		{87512735-DCBA-4B20-8116-5F42187716A5}.Release|Any CPU.Build.0 = Release|Any CPU
		{158A5D15-8E98-48A7-BABD-2F53D704F312}.Debug|Any CPU.ActiveCfg = Debug|Any CPU
		{158A5D15-8E98-48A7-BABD-2F53D704F312}.Debug|Any CPU.Build.0 = Debug|Any CPU
		{158A5D15-8E98-48A7-BABD-2F53D704F312}.Debug|Any CPU.Deploy.0 = Debug|Any CPU
		{158A5D15-8E98-48A7-BABD-2F53D704F312}.Release|Any CPU.ActiveCfg = Release|Any CPU
		{158A5D15-8E98-48A7-BABD-2F53D704F312}.Release|Any CPU.Build.0 = Release|Any CPU
		{86D450BE-2FB7-47FE-8E69-2336E81F600B}.Debug|Any CPU.ActiveCfg = Debug|Any CPU
		{86D450BE-2FB7-47FE-8E69-2336E81F600B}.Debug|Any CPU.Build.0 = Debug|Any CPU
		{86D450BE-2FB7-47FE-8E69-2336E81F600B}.Release|Any CPU.ActiveCfg = Release|Any CPU
		{86D450BE-2FB7-47FE-8E69-2336E81F600B}.Release|Any CPU.Build.0 = Release|Any CPU
	EndGlobalSection
	GlobalSection(SolutionProperties) = preSolution
		HideSolutionNode = FALSE
	EndGlobalSection
EndGlobal
